uuid: ac9cf8d5-3a68-4fb3-b9f8-d30073fd1c7e
langcode: en
status: true
dependencies:
  module:
    - excel_sky_architecture
  theme:
    - wondem
id: wondem_backendserversideblock
theme: wondem
region: content
weight: -4
provider: null
plugin: backend_block
settings:
  id: backend_block
  label: 'Backend (Server-Side) Block'
  label_display: '0'
  provider: excel_sky_architecture
visibility: {  }
