uuid: 86c53e41-89b3-4ea6-87b5-f8df1b40606e
langcode: en
status: true
dependencies:
  module:
    - excel_sky_architecture
  theme:
    - wondem
id: wondem_applynowblock
theme: wondem
region: content
weight: 0
provider: null
plugin: apply_now_block
settings:
  id: apply_now_block
  label: 'Apply Now Block'
  label_display: visible
  provider: excel_sky_architecture
visibility: {  }
