uuid: 35c2ce7a-f60b-4de3-91e7-0f8f439e1929
langcode: en
status: true
dependencies:
  module:
    - excel_sky_architecture
    - system
  theme:
    - wondem
id: wondem_securitylayerblock
theme: wondem
region: content
weight: 1
provider: null
plugin: security_block
settings:
  id: security_block
  label: 'Security Layer Block'
  label_display: '0'
  provider: excel_sky_architecture
visibility:
  request_path:
    id: request_path
    negate: false
    pages: '<front>'
