uuid: cf855d8b-a902-4855-9247-4721bef04869
langcode: en
status: true
dependencies:
  module:
    - excel_sky_architecture
  theme:
    - wondem
id: wondem_analyticsmonitoringblock
theme: wondem
region: analytics
weight: -11
provider: null
plugin: analytics_block
settings:
  id: analytics_block
  label: 'Analytics & Monitoring Block'
  label_display: '0'
  provider: excel_sky_architecture
visibility: {  }
