uuid: f9899f4d-8a16-4b86-a65f-3e2c717cb74a
langcode: en
status: true
dependencies:
  module:
    - excel_sky_architecture
  theme:
    - wondem
id: wondem_databaselayerblock
theme: wondem
region: database
weight: -11
provider: null
plugin: database_block
settings:
  id: database_block
  label: 'Database Layer Block'
  label_display: '0'
  provider: excel_sky_architecture
visibility: {  }
