uuid: 335987d6-9282-4034-a93a-c63bf6419dea
langcode: en
status: true
dependencies:
  content:
    - 'block_content:backend:a234d372-ef03-4a24-8867-bfd6d6b842a6'
  module:
    - block_content
    - system
  theme:
    - wondem
id: wondem_firstbackendblock
theme: wondem
region: backend
weight: -10
provider: null
plugin: 'block_content:a234d372-ef03-4a24-8867-bfd6d6b842a6'
settings:
  id: 'block_content:a234d372-ef03-4a24-8867-bfd6d6b842a6'
  label: 'first backend block'
  label_display: '0'
  provider: block_content
  status: true
  info: ''
  view_mode: full
visibility:
  request_path:
    id: request_path
    negate: false
    pages: '<front>'
